
Microsoft Visual Studio Solution File, Format Version 12.00
# Visual Studio Version 16
VisualStudioVersion = 16.0.30523.141
MinimumVisualStudioVersion = 10.0.40219.1
Project("{FAE04EC0-301F-11D3-BF4B-00C04F79EFBC}") = "KeyManagmentClient", "KeyManagmentClient\KeyManagmentClient.csproj", "{BB14F20A-C970-4FED-A7B1-E95AFE797A61}"
EndProject
Global
	GlobalSection(SolutionConfigurationPlatforms) = preSolution
		Debug|Any CPU = Debug|Any CPU
		Release|Any CPU = Release|Any CPU
	EndGlobalSection
	GlobalSection(ProjectConfigurationPlatforms) = postSolution
		{BB14F20A-C970-4FED-A7B1-E95AFE797A61}.Debug|Any CPU.ActiveCfg = Debug|Any CPU
		{BB14F20A-C970-4FED-A7B1-E95AFE797A61}.Debug|Any CPU.Build.0 = Debug|Any CPU
		{BB14F20A-C970-4FED-A7B1-E95AFE797A61}.Release|Any CPU.ActiveCfg = Release|Any CPU
		{BB14F20A-C970-4FED-A7B1-E95AFE797A61}.Release|Any CPU.Build.0 = Release|Any CPU
	EndGlobalSection
	GlobalSection(SolutionProperties) = preSolution
		HideSolutionNode = FALSE
	EndGlobalSection
	GlobalSection(ExtensibilityGlobals) = postSolution
		SolutionGuid = {3047BCA1-B2B3-4793-9F64-16B846CD7178}
	EndGlobalSection
EndGlobal
